# This file is autogenerated, do not edit; changes may be undone by the next 'dep ensure'.


[[projects]]
  branch = "master"
  name = "github.com/golang/glog"
  packages = ["."]
  revision = "23def4e6c14b4da8ac2ed8007337bc5eb5007998"

[[projects]]
  name = "github.com/golang/protobuf"
  packages = ["proto"]
  revision = "925541529c1fa6821df4e44ce2723319eb2be768"
  version = "v1.0.0"

[[projects]]
  name = "github.com/riemann/riemann-go-client"
  packages = [
    ".",
    "proto"
  ]
  revision = "121dccf83f3e60c970ea8a718e0529354a7692c4"
  version = "v0.2.0"

[solve-meta]
  analyzer-name = "dep"
  analyzer-version = 1
  inputs-digest = "b4144a067c0e707aba771d4577d6a185e6c875a10537fc2512823e192b05f214"
  solver-name = "gps-cdcl"
  solver-version = 1
